
Microsoft Visual Studio Solution File, Format Version 12.00
# Visual Studio Version 17
VisualStudioVersion = 17.9.34714.143
MinimumVisualStudioVersion = 10.0.40219.1
Project("{FAE04EC0-301F-11D3-BF4B-00C04F79EFBC}") = "ReqresAPI", "ReqresAPI\ReqresAPI.csproj", "{CE850A39-71BF-43D5-9A29-4F43E5D3A0C9}"
EndProject
Global
	GlobalSection(SolutionConfigurationPlatforms) = preSolution
		Debug|Any CPU = Debug|Any CPU
		Release|Any CPU = Release|Any CPU
	EndGlobalSection
	GlobalSection(ProjectConfigurationPlatforms) = postSolution
		{CE850A39-71BF-43D5-9A29-4F43E5D3A0C9}.Debug|Any CPU.ActiveCfg = Debug|Any CPU
		{CE850A39-71BF-43D5-9A29-4F43E5D3A0C9}.Debug|Any CPU.Build.0 = Debug|Any CPU
		{CE850A39-71BF-43D5-9A29-4F43E5D3A0C9}.Release|Any CPU.ActiveCfg = Release|Any CPU
		{CE850A39-71BF-43D5-9A29-4F43E5D3A0C9}.Release|Any CPU.Build.0 = Release|Any CPU
	EndGlobalSection
	GlobalSection(SolutionProperties) = preSolution
		HideSolutionNode = FALSE
	EndGlobalSection
	GlobalSection(ExtensibilityGlobals) = postSolution
		SolutionGuid = {10F7E1D1-C44E-4D6F-89CE-31F63A2BD888}
	EndGlobalSection
EndGlobal
